
Microsoft Visual Studio Solution File, Format Version 12.00
# Visual Studio Version 17
VisualStudioVersion = 17.0.31903.59
MinimumVisualStudioVersion = 10.0.40219.1
Project("{FAE04EC0-301F-11D3-BF4B-00C04F79EFBC}") = "DemoNginx.Api", "DemoNginx.Api\DemoNginx.Api.csproj", "{871CB5CF-789E-4889-84FD-8A09E3C4A3AD}"
EndProject
Global
	GlobalSection(SolutionConfigurationPlatforms) = preSolution
		Debug|Any CPU = Debug|Any CPU
		Release|Any CPU = Release|Any CPU
	EndGlobalSection
	GlobalSection(SolutionProperties) = preSolution
		HideSolutionNode = FALSE
	EndGlobalSection
	GlobalSection(ProjectConfigurationPlatforms) = postSolution
		{871CB5CF-789E-4889-84FD-8A09E3C4A3AD}.Debug|Any CPU.ActiveCfg = Debug|Any CPU
		{871CB5CF-789E-4889-84FD-8A09E3C4A3AD}.Debug|Any CPU.Build.0 = Debug|Any CPU
		{871CB5CF-789E-4889-84FD-8A09E3C4A3AD}.Release|Any CPU.ActiveCfg = Release|Any CPU
		{871CB5CF-789E-4889-84FD-8A09E3C4A3AD}.Release|Any CPU.Build.0 = Release|Any CPU
	EndGlobalSection
EndGlobal
